
Microsoft Visual Studio Solution File, Format Version 12.00
# Visual Studio Version 17
VisualStudioVersion = 17.8.34330.188
MinimumVisualStudioVersion = 10.0.40219.1
Project("{9A19103F-16F7-4668-BE54-9A1E7A4F7556}") = "McCulloughFun.Web", "McCulloughFun.Web\McCulloughFun.Web.csproj", "{8615C2BB-A9BF-4270-B4FC-53ED8F1C7088}"
EndProject
Project("{9A19103F-16F7-4668-BE54-9A1E7A4F7556}") = "McCulloughFun.Themes", "McCulloughFun.Themes\McCulloughFun.Themes.csproj", "{73379DC9-2736-4239-8C0C-B0DBA68E9AF0}"
EndProject
Global
	GlobalSection(SolutionConfigurationPlatforms) = preSolution
		Debug|Any CPU = Debug|Any CPU
		Release|Any CPU = Release|Any CPU
	EndGlobalSection
	GlobalSection(ProjectConfigurationPlatforms) = postSolution
		{8615C2BB-A9BF-4270-B4FC-53ED8F1C7088}.Debug|Any CPU.ActiveCfg = Debug|Any CPU
		{8615C2BB-A9BF-4270-B4FC-53ED8F1C7088}.Debug|Any CPU.Build.0 = Debug|Any CPU
		{8615C2BB-A9BF-4270-B4FC-53ED8F1C7088}.Release|Any CPU.ActiveCfg = Release|Any CPU
		{8615C2BB-A9BF-4270-B4FC-53ED8F1C7088}.Release|Any CPU.Build.0 = Release|Any CPU
		{73379DC9-2736-4239-8C0C-B0DBA68E9AF0}.Debug|Any CPU.ActiveCfg = Debug|Any CPU
		{73379DC9-2736-4239-8C0C-B0DBA68E9AF0}.Debug|Any CPU.Build.0 = Debug|Any CPU
		{73379DC9-2736-4239-8C0C-B0DBA68E9AF0}.Release|Any CPU.ActiveCfg = Release|Any CPU
		{73379DC9-2736-4239-8C0C-B0DBA68E9AF0}.Release|Any CPU.Build.0 = Release|Any CPU
	EndGlobalSection
	GlobalSection(SolutionProperties) = preSolution
		HideSolutionNode = FALSE
	EndGlobalSection
	GlobalSection(ExtensibilityGlobals) = postSolution
		SolutionGuid = {8E0ECFB5-9283-4161-A769-DD62C02D4B9D}
	EndGlobalSection
EndGlobal
