
Microsoft Visual Studio Solution File, Format Version 12.00
# Visual Studio Version 17
VisualStudioVersion = 17.8.34330.188
MinimumVisualStudioVersion = 10.0.40219.1
Project("{9A19103F-16F7-4668-BE54-9A1E7A4F7556}") = "McCulloughFun", "McCulloughFun\McCulloughFun.csproj", "{704705AA-7BBD-4224-B425-AEA59D1D06BF}"
EndProject
Project("{9A19103F-16F7-4668-BE54-9A1E7A4F7556}") = "McCulloughFun.Client", "McCulloughFun.Client\McCulloughFun.Client.csproj", "{5A465785-8D6F-4BA6-88DA-D11F91A626CD}"
EndProject
Global
	GlobalSection(SolutionConfigurationPlatforms) = preSolution
		Debug|Any CPU = Debug|Any CPU
		Release|Any CPU = Release|Any CPU
	EndGlobalSection
	GlobalSection(ProjectConfigurationPlatforms) = postSolution
		{704705AA-7BBD-4224-B425-AEA59D1D06BF}.Debug|Any CPU.ActiveCfg = Debug|Any CPU
		{704705AA-7BBD-4224-B425-AEA59D1D06BF}.Debug|Any CPU.Build.0 = Debug|Any CPU
		{704705AA-7BBD-4224-B425-AEA59D1D06BF}.Release|Any CPU.ActiveCfg = Release|Any CPU
		{704705AA-7BBD-4224-B425-AEA59D1D06BF}.Release|Any CPU.Build.0 = Release|Any CPU
		{5A465785-8D6F-4BA6-88DA-D11F91A626CD}.Debug|Any CPU.ActiveCfg = Debug|Any CPU
		{5A465785-8D6F-4BA6-88DA-D11F91A626CD}.Debug|Any CPU.Build.0 = Debug|Any CPU
		{5A465785-8D6F-4BA6-88DA-D11F91A626CD}.Release|Any CPU.ActiveCfg = Release|Any CPU
		{5A465785-8D6F-4BA6-88DA-D11F91A626CD}.Release|Any CPU.Build.0 = Release|Any CPU
	EndGlobalSection
	GlobalSection(SolutionProperties) = preSolution
		HideSolutionNode = FALSE
	EndGlobalSection
	GlobalSection(ExtensibilityGlobals) = postSolution
		SolutionGuid = {8E0ECFB5-9283-4161-A769-DD62C02D4B9D}
	EndGlobalSection
EndGlobal
